# THIS IS AN AUTOGENERATED FILE. DO NOT EDIT THIS FILE DIRECTLY.
# yarn lockfile v1


tsc@^2.0.3:
  version "2.0.3"
  resolved "http://registry.npm.baidu-int.com/tsc/-/tsc-2.0.3.tgz#037fe579e3bd67a5cbdaa604b43c6c1991b04bef"
  integrity sha1-A3/leeO9Z6XL2qYEtDxsGZGwS+8=

typescript@^4.4.4:
  version "4.4.4"
  resolved "http://registry.npm.baidu-int.com/typescript/-/typescript-4.4.4.tgz#2cd01a1a1f160704d3101fd5a58ff0f9fcb8030c"
  integrity sha1-LNAaGh8WBwTTEB/VpY/w+fy4Aww=
